
Microsoft Visual Studio Solution File, Format Version 12.00
# Visual Studio Version 17
VisualStudioVersion = 17.7.34031.279
MinimumVisualStudioVersion = 10.0.40219.1
Project("{FAE04EC0-301F-11D3-BF4B-00C04F79EFBC}") = "ProiectDAW", "ProiectDAW\ProiectDAW.csproj", "{72198CCC-F832-43C4-8EAB-350F96758CAE}"
EndProject
Global
	GlobalSection(SolutionConfigurationPlatforms) = preSolution
		Debug|Any CPU = Debug|Any CPU
		Release|Any CPU = Release|Any CPU
	EndGlobalSection
	GlobalSection(ProjectConfigurationPlatforms) = postSolution
		{72198CCC-F832-43C4-8EAB-350F96758CAE}.Debug|Any CPU.ActiveCfg = Debug|Any CPU
		{72198CCC-F832-43C4-8EAB-350F96758CAE}.Debug|Any CPU.Build.0 = Debug|Any CPU
		{72198CCC-F832-43C4-8EAB-350F96758CAE}.Release|Any CPU.ActiveCfg = Release|Any CPU
		{72198CCC-F832-43C4-8EAB-350F96758CAE}.Release|Any CPU.Build.0 = Release|Any CPU
	EndGlobalSection
	GlobalSection(SolutionProperties) = preSolution
		HideSolutionNode = FALSE
	EndGlobalSection
	GlobalSection(ExtensibilityGlobals) = postSolution
		SolutionGuid = {CC7BFD03-2D4D-4DDE-AB27-97CB0B9EC6D2}
	EndGlobalSection
EndGlobal
